
Microsoft Visual Studio Solution File, Format Version 12.00
# Visual Studio Version 16
VisualStudioVersion = 16.0.29709.97
MinimumVisualStudioVersion = 10.0.40219.1
Project("{FAE04EC0-301F-11D3-BF4B-00C04F79EFBC}") = "LayoutGrid", "LayoutGrid.csproj", "{44D3E891-BFBB-41E8-B132-D4AA2D06334B}"
EndProject
Global
	GlobalSection(SolutionConfigurationPlatforms) = preSolution
		Debug|Any CPU = Debug|Any CPU
		Release|Any CPU = Release|Any CPU
	EndGlobalSection
	GlobalSection(ProjectConfigurationPlatforms) = postSolution
		{44D3E891-BFBB-41E8-B132-D4AA2D06334B}.Debug|Any CPU.ActiveCfg = Debug|Any CPU
		{44D3E891-BFBB-41E8-B132-D4AA2D06334B}.Debug|Any CPU.Build.0 = Debug|Any CPU
		{44D3E891-BFBB-41E8-B132-D4AA2D06334B}.Release|Any CPU.ActiveCfg = Release|Any CPU
		{44D3E891-BFBB-41E8-B132-D4AA2D06334B}.Release|Any CPU.Build.0 = Release|Any CPU
	EndGlobalSection
	GlobalSection(SolutionProperties) = preSolution
		HideSolutionNode = FALSE
	EndGlobalSection
	GlobalSection(ExtensibilityGlobals) = postSolution
		SolutionGuid = {C78394FA-A1AD-42A2-92C0-EF27C2DD3361}
	EndGlobalSection
EndGlobal
